
Microsoft Visual Studio Solution File, Format Version 12.00
# Visual Studio Version 17
VisualStudioVersion = 17.1.32421.90
MinimumVisualStudioVersion = 10.0.40219.1
Project("{FAE04EC0-301F-11D3-BF4B-00C04F79EFBC}") = "MapleStory2", "MapleStory2\MapleStory2.csproj", "{DAC71D18-6256-48BE-8026-70AE1ED7A849}"
EndProject
Global
	GlobalSection(SolutionConfigurationPlatforms) = preSolution
		Debug|Any CPU = Debug|Any CPU
		Release|Any CPU = Release|Any CPU
	EndGlobalSection
	GlobalSection(ProjectConfigurationPlatforms) = postSolution
		{DAC71D18-6256-48BE-8026-70AE1ED7A849}.Debug|Any CPU.ActiveCfg = Debug|Any CPU
		{DAC71D18-6256-48BE-8026-70AE1ED7A849}.Debug|Any CPU.Build.0 = Debug|Any CPU
		{DAC71D18-6256-48BE-8026-70AE1ED7A849}.Release|Any CPU.ActiveCfg = Release|Any CPU
		{DAC71D18-6256-48BE-8026-70AE1ED7A849}.Release|Any CPU.Build.0 = Release|Any CPU
	EndGlobalSection
	GlobalSection(SolutionProperties) = preSolution
		HideSolutionNode = FALSE
	EndGlobalSection
	GlobalSection(ExtensibilityGlobals) = postSolution
		SolutionGuid = {3C39CE6D-3933-49C4-AD49-4DADE0E2D741}
	EndGlobalSection
EndGlobal
